{
  "name": "retrocableguide-teletext",
  "version": "1.0.0",
  "lockfileVersion": 3,
  "requires": true,
  "packages": {
    "": {
      "name": "retrocableguide-teletext",
      "version": "1.0.0",
      "license": "ISC",
      "dependencies": {
        "@iptv/playlist": "^1.2.1",
        "@iptv/xmltv": "^1.0.1"
      },
      "bin": {
        "retrocable-teletext-build-t42": "bin/build-t42.mjs",
        "retrocable-teletext-generate": "bin/generate.mjs",
        "retrocable-teletext-server": "bin/server.mjs"
      }
    },
    "node_modules/@iptv/playlist": {
      "version": "1.2.1",
      "resolved": "https://registry.npmjs.org/@iptv/playlist/-/playlist-1.2.1.tgz",
      "integrity": "sha512-iuvxu2IefhctIeuroGmdzqeCV3UHVPy900UPY9v3UFK1qAxPjLPkP2GZra6ZL7v6AZRZwy6LFVkwirxx39hu8w==",
      "license": "MIT"
    },
    "node_modules/@iptv/xmltv": {
      "version": "1.0.1",
      "resolved": "https://registry.npmjs.org/@iptv/xmltv/-/xmltv-1.0.1.tgz",
      "integrity": "sha512-e8gwa4/bQdbaWE3OP7CD4HvDbtzMuaw/rstdebjaD19mjAGEzHStQs055uSytulBC65oamKiYHCg8trtUdyE/g==",
      "license": "MIT"
    }
  }
}
